// !$*UTF8*$!
{
	archiveVersion = 1;
	classes = {
	};
	objectVersion = 46;
	objects = {

/* Begin PBXBuildFile section */
		12010C8A1C3D0E8D005DC6FC /* PKHUDAnimation.swift in Sources */ = {isa = PBXBuildFile; fileRef = 12010C891C3D0E8D005DC6FC /* PKHUDAnimation.swift */; };
		12CE19F41E25784D0062D873 /* PKHUDDemoUITests.swift in Sources */ = {isa = PBXBuildFile; fileRef = 12CE19F31E25784D0062D873 /* PKHUDDemoUITests.swift */; };
		12CE19FD1E2578680062D873 /* PKHUD.framework in Frameworks */ = {isa = PBXBuildFile; fileRef = F996321E19514FD8001F73CA /* PKHUD.framework */; };
		3097AF3A1C4843AE007DD42B /* PKHUDRotatingImageView.swift in Sources */ = {isa = PBXBuildFile; fileRef = 3097AF391C4843AE007DD42B /* PKHUDRotatingImageView.swift */; };
		46E7AAAC39271F0F4AB9599F /* Pods_PKHUD_Demo.framework in Frameworks */ = {isa = PBXBuildFile; fileRef = 677D7F44F68DF6B6BA497B55 /* Pods_PKHUD_Demo.framework */; };
		640011571C5B6C080013F32B /* HUD.swift in Sources */ = {isa = PBXBuildFile; fileRef = 640011551C5B6C080013F32B /* HUD.swift */; };
		686619D7E0453021BCE8B8A6 /* Pods_PKHUD.framework in Frameworks */ = {isa = PBXBuildFile; fileRef = BE678B64EF98ED40AA175F6D /* Pods_PKHUD.framework */; };
		8307080F5750EB99C88EBD02 /* Pods_PKHUDDemoUITests.framework in Frameworks */ = {isa = PBXBuildFile; fileRef = D69C29B43F4B4A9269840F83 /* Pods_PKHUDDemoUITests.framework */; };
		F2421B261FBE81B70082C1FF /* loadingForPlanetsOrbit.json in Resources */ = {isa = PBXBuildFile; fileRef = F2421B241FBE81B70082C1FF /* loadingForPlanetsOrbit.json */; };
		F2421B281FBE82550082C1FF /* loadingForHourglass.json in Resources */ = {isa = PBXBuildFile; fileRef = F2C6477F1FA2DE3000BF517C /* loadingForHourglass.json */; };
		F2421B2A1FBE825A0082C1FF /* loadingForPlanetsOrbit.json in Resources */ = {isa = PBXBuildFile; fileRef = F2421B241FBE81B70082C1FF /* loadingForPlanetsOrbit.json */; };
		F2421B2C1FBE8BF60082C1FF /* PKHUDPgsCancleTypeForPlanetsBaseView.swift in Sources */ = {isa = PBXBuildFile; fileRef = F2421B2B1FBE8BF60082C1FF /* PKHUDPgsCancleTypeForPlanetsBaseView.swift */; };
		F2421B2D1FBE8BF60082C1FF /* PKHUDPgsCancleTypeForPlanetsBaseView.swift in Sources */ = {isa = PBXBuildFile; fileRef = F2421B2B1FBE8BF60082C1FF /* PKHUDPgsCancleTypeForPlanetsBaseView.swift */; };
		F2421B2F1FBE96400082C1FF /* PKHUDPgsTypeForPlanetsBaseView.swift in Sources */ = {isa = PBXBuildFile; fileRef = F2421B2E1FBE96400082C1FF /* PKHUDPgsTypeForPlanetsBaseView.swift */; };
		F2421B301FBE96400082C1FF /* PKHUDPgsTypeForPlanetsBaseView.swift in Sources */ = {isa = PBXBuildFile; fileRef = F2421B2E1FBE96400082C1FF /* PKHUDPgsTypeForPlanetsBaseView.swift */; };
		F27FE87C1F6BBF34007382A3 /* PKHUDProgressCancleBaseView.swift in Sources */ = {isa = PBXBuildFile; fileRef = F27FE87B1F6BBF34007382A3 /* PKHUDProgressCancleBaseView.swift */; };
		F27FE87E1F6BBFD4007382A3 /* PKHUDProgressCancleView.swift in Sources */ = {isa = PBXBuildFile; fileRef = F27FE87D1F6BBFD4007382A3 /* PKHUDProgressCancleView.swift */; };
		F2C647761FA2D7C000BF517C /* newloading.json in Resources */ = {isa = PBXBuildFile; fileRef = F2C647751FA2D79B00BF517C /* newloading.json */; };
		F2C6477C1FA2DA6000BF517C /* PKHUDLOTProgressBaseView.swift in Sources */ = {isa = PBXBuildFile; fileRef = F2C6477B1FA2DA6000BF517C /* PKHUDLOTProgressBaseView.swift */; };
		F2C6477E1FA2DB9500BF517C /* PKHUDLOTProgressView.swift in Sources */ = {isa = PBXBuildFile; fileRef = F2C6477D1FA2DB9500BF517C /* PKHUDLOTProgressView.swift */; };
		F2C647801FA2DE3400BF517C /* loadingForHourglass.json in Resources */ = {isa = PBXBuildFile; fileRef = F2C6477F1FA2DE3000BF517C /* loadingForHourglass.json */; };
		F908BEC01BB849290015E5A8 /* PKHUDSuccessView.swift in Sources */ = {isa = PBXBuildFile; fileRef = F908BEBF1BB849290015E5A8 /* PKHUDSuccessView.swift */; };
		F908BEC31BB84D0B0015E5A8 /* PKHUDAnimating.swift in Sources */ = {isa = PBXBuildFile; fileRef = F908BEC21BB84D0B0015E5A8 /* PKHUDAnimating.swift */; };
		F908BEC51BB852C60015E5A8 /* PKHUDErrorView.swift in Sources */ = {isa = PBXBuildFile; fileRef = F908BEC41BB852C60015E5A8 /* PKHUDErrorView.swift */; };
		F908BEC81BB85EA70015E5A8 /* PKHUDProgressView.swift in Sources */ = {isa = PBXBuildFile; fileRef = F908BEC71BB85EA70015E5A8 /* PKHUDProgressView.swift */; };
		F935B1581B2B8088003C3734 /* Storyboard.storyboard in Resources */ = {isa = PBXBuildFile; fileRef = F935B1571B2B8088003C3734 /* Storyboard.storyboard */; };
		F935B15A1B2B865A003C3734 /* Launch Screen.storyboard in Resources */ = {isa = PBXBuildFile; fileRef = F935B1591B2B865A003C3734 /* Launch Screen.storyboard */; };
		F935B15D1B2B8C20003C3734 /* PKHUDSquareBaseView.swift in Sources */ = {isa = PBXBuildFile; fileRef = F935B15C1B2B8C20003C3734 /* PKHUDSquareBaseView.swift */; };
		F935B15F1B2B8C7E003C3734 /* PKHUDWideBaseView.swift in Sources */ = {isa = PBXBuildFile; fileRef = F935B15E1B2B8C7E003C3734 /* PKHUDWideBaseView.swift */; };
		F935B1611B2B8C8E003C3734 /* PKHUDTextView.swift in Sources */ = {isa = PBXBuildFile; fileRef = F935B1601B2B8C8E003C3734 /* PKHUDTextView.swift */; };
		F935B1671B2B8D8C003C3734 /* PKHUDSystemActivityIndicatorView.swift in Sources */ = {isa = PBXBuildFile; fileRef = F935B1661B2B8D8C003C3734 /* PKHUDSystemActivityIndicatorView.swift */; };
		F996320219514FAC001F73CA /* AppDelegate.swift in Sources */ = {isa = PBXBuildFile; fileRef = F996320119514FAC001F73CA /* AppDelegate.swift */; };
		F996320419514FAD001F73CA /* Images.xcassets in Resources */ = {isa = PBXBuildFile; fileRef = F996320319514FAD001F73CA /* Images.xcassets */; };
		F996322319514FD8001F73CA /* PKHUD.h in Headers */ = {isa = PBXBuildFile; fileRef = F996322219514FD8001F73CA /* PKHUD.h */; settings = {ATTRIBUTES = (Public, ); }; };
		F996323319514FD8001F73CA /* PKHUD.framework in Frameworks */ = {isa = PBXBuildFile; fileRef = F996321E19514FD8001F73CA /* PKHUD.framework */; };
		F996323419514FD8001F73CA /* PKHUD.framework in Embed Frameworks */ = {isa = PBXBuildFile; fileRef = F996321E19514FD8001F73CA /* PKHUD.framework */; settings = {ATTRIBUTES = (CodeSignOnCopy, ); }; };
		F996324D19514FEF001F73CA /* PKHUDAssets.swift in Sources */ = {isa = PBXBuildFile; fileRef = F996324619514FEF001F73CA /* PKHUDAssets.swift */; };
		F996324F19514FEF001F73CA /* PKHUD.swift in Sources */ = {isa = PBXBuildFile; fileRef = F996324819514FEF001F73CA /* PKHUD.swift */; };
		F996325019514FEF001F73CA /* FrameView.swift in Sources */ = {isa = PBXBuildFile; fileRef = F996324919514FEF001F73CA /* FrameView.swift */; };
		F996325219514FEF001F73CA /* Window.swift in Sources */ = {isa = PBXBuildFile; fileRef = F996324B19514FEF001F73CA /* Window.swift */; };
		F996325319514FEF001F73CA /* WindowRootViewController.swift in Sources */ = {isa = PBXBuildFile; fileRef = F996324C19514FEF001F73CA /* WindowRootViewController.swift */; };
		F996325519514FF3001F73CA /* Images.xcassets in Resources */ = {isa = PBXBuildFile; fileRef = F996325419514FF3001F73CA /* Images.xcassets */; };
		F996325919515052001F73CA /* DemoViewController.swift in Sources */ = {isa = PBXBuildFile; fileRef = F996325819515052001F73CA /* DemoViewController.swift */; };
/* End PBXBuildFile section */

/* Begin PBXContainerItemProxy section */
		12CE19F61E25784D0062D873 /* PBXContainerItemProxy */ = {
			isa = PBXContainerItemProxy;
			containerPortal = F99631F419514FAC001F73CA /* Project object */;
			proxyType = 1;
			remoteGlobalIDString = F99631FB19514FAC001F73CA;
			remoteInfo = "PKHUD Demo";
		};
		12CE19FB1E2578640062D873 /* PBXContainerItemProxy */ = {
			isa = PBXContainerItemProxy;
			containerPortal = F99631F419514FAC001F73CA /* Project object */;
			proxyType = 1;
			remoteGlobalIDString = F996321D19514FD8001F73CA;
			remoteInfo = PKHUD;
		};
		F996323119514FD8001F73CA /* PBXContainerItemProxy */ = {
			isa = PBXContainerItemProxy;
			containerPortal = F99631F419514FAC001F73CA /* Project object */;
			proxyType = 1;
			remoteGlobalIDString = F996321D19514FD8001F73CA;
			remoteInfo = PKHUD;
		};
		F996323519514FD8001F73CA /* PBXContainerItemProxy */ = {
			isa = PBXContainerItemProxy;
			containerPortal = F99631F419514FAC001F73CA /* Project object */;
			proxyType = 1;
			remoteGlobalIDString = F996321D19514FD8001F73CA;
			remoteInfo = PKHUD;
		};
/* End PBXContainerItemProxy section */

/* Begin PBXCopyFilesBuildPhase section */
		F996323A19514FD8001F73CA /* Embed Frameworks */ = {
			isa = PBXCopyFilesBuildPhase;
			buildActionMask = 2147483647;
			dstPath = "";
			dstSubfolderSpec = 10;
			files = (
				F996323419514FD8001F73CA /* PKHUD.framework in Embed Frameworks */,
			);
			name = "Embed Frameworks";
			runOnlyForDeploymentPostprocessing = 0;
		};
/* End PBXCopyFilesBuildPhase section */

/* Begin PBXFileReference section */
		12010C891C3D0E8D005DC6FC /* PKHUDAnimation.swift */ = {isa = PBXFileReference; fileEncoding = 4; lastKnownFileType = sourcecode.swift; path = PKHUDAnimation.swift; sourceTree = "<group>"; };
		12CE19F11E25784C0062D873 /* PKHUDDemoUITests.xctest */ = {isa = PBXFileReference; explicitFileType = wrapper.cfbundle; includeInIndex = 0; path = PKHUDDemoUITests.xctest; sourceTree = BUILT_PRODUCTS_DIR; };
		12CE19F31E25784D0062D873 /* PKHUDDemoUITests.swift */ = {isa = PBXFileReference; lastKnownFileType = sourcecode.swift; path = PKHUDDemoUITests.swift; sourceTree = "<group>"; };
		12CE19F51E25784D0062D873 /* Info.plist */ = {isa = PBXFileReference; lastKnownFileType = text.plist.xml; path = Info.plist; sourceTree = "<group>"; };
		2543119773C6EDA953F7B259 /* Pods-PKHUDDemoUITests.release.xcconfig */ = {isa = PBXFileReference; includeInIndex = 1; lastKnownFileType = text.xcconfig; name = "Pods-PKHUDDemoUITests.release.xcconfig"; path = "Pods/Target Support Files/Pods-PKHUDDemoUITests/Pods-PKHUDDemoUITests.release.xcconfig"; sourceTree = "<group>"; };
		3097AF391C4843AE007DD42B /* PKHUDRotatingImageView.swift */ = {isa = PBXFileReference; fileEncoding = 4; lastKnownFileType = sourcecode.swift; path = PKHUDRotatingImageView.swift; sourceTree = "<group>"; };
		60F91108D896355EF2A92461 /* Pods-PKHUD Demo.debug.xcconfig */ = {isa = PBXFileReference; includeInIndex = 1; lastKnownFileType = text.xcconfig; name = "Pods-PKHUD Demo.debug.xcconfig"; path = "Pods/Target Support Files/Pods-PKHUD Demo/Pods-PKHUD Demo.debug.xcconfig"; sourceTree = "<group>"; };
		640011551C5B6C080013F32B /* HUD.swift */ = {isa = PBXFileReference; fileEncoding = 4; lastKnownFileType = sourcecode.swift; path = HUD.swift; sourceTree = "<group>"; };
		677D7F44F68DF6B6BA497B55 /* Pods_PKHUD_Demo.framework */ = {isa = PBXFileReference; explicitFileType = wrapper.framework; includeInIndex = 0; path = Pods_PKHUD_Demo.framework; sourceTree = BUILT_PRODUCTS_DIR; };
		8C7C9E1EA3E46A1EC1EBE01E /* Pods-PKHUD.debug.xcconfig */ = {isa = PBXFileReference; includeInIndex = 1; lastKnownFileType = text.xcconfig; name = "Pods-PKHUD.debug.xcconfig"; path = "Pods/Target Support Files/Pods-PKHUD/Pods-PKHUD.debug.xcconfig"; sourceTree = "<group>"; };
		AAC761EC40EB5E05FE5A864A /* Pods-PKHUD Demo.release.xcconfig */ = {isa = PBXFileReference; includeInIndex = 1; lastKnownFileType = text.xcconfig; name = "Pods-PKHUD Demo.release.xcconfig"; path = "Pods/Target Support Files/Pods-PKHUD Demo/Pods-PKHUD Demo.release.xcconfig"; sourceTree = "<group>"; };
		BE678B64EF98ED40AA175F6D /* Pods_PKHUD.framework */ = {isa = PBXFileReference; explicitFileType = wrapper.framework; includeInIndex = 0; path = Pods_PKHUD.framework; sourceTree = BUILT_PRODUCTS_DIR; };
		D69C29B43F4B4A9269840F83 /* Pods_PKHUDDemoUITests.framework */ = {isa = PBXFileReference; explicitFileType = wrapper.framework; includeInIndex = 0; path = Pods_PKHUDDemoUITests.framework; sourceTree = BUILT_PRODUCTS_DIR; };
		F03F8594C06BE601BC56EF08 /* Pods-PKHUD.release.xcconfig */ = {isa = PBXFileReference; includeInIndex = 1; lastKnownFileType = text.xcconfig; name = "Pods-PKHUD.release.xcconfig"; path = "Pods/Target Support Files/Pods-PKHUD/Pods-PKHUD.release.xcconfig"; sourceTree = "<group>"; };
		F2421B241FBE81B70082C1FF /* loadingForPlanetsOrbit.json */ = {isa = PBXFileReference; fileEncoding = 4; lastKnownFileType = text.json; path = loadingForPlanetsOrbit.json; sourceTree = "<group>"; };
		F2421B2B1FBE8BF60082C1FF /* PKHUDPgsCancleTypeForPlanetsBaseView.swift */ = {isa = PBXFileReference; lastKnownFileType = sourcecode.swift; path = PKHUDPgsCancleTypeForPlanetsBaseView.swift; sourceTree = "<group>"; };
		F2421B2E1FBE96400082C1FF /* PKHUDPgsTypeForPlanetsBaseView.swift */ = {isa = PBXFileReference; lastKnownFileType = sourcecode.swift; path = PKHUDPgsTypeForPlanetsBaseView.swift; sourceTree = "<group>"; };
		F27FE87B1F6BBF34007382A3 /* PKHUDProgressCancleBaseView.swift */ = {isa = PBXFileReference; lastKnownFileType = sourcecode.swift; path = PKHUDProgressCancleBaseView.swift; sourceTree = "<group>"; };
		F27FE87D1F6BBFD4007382A3 /* PKHUDProgressCancleView.swift */ = {isa = PBXFileReference; lastKnownFileType = sourcecode.swift; path = PKHUDProgressCancleView.swift; sourceTree = "<group>"; };
		F2C647751FA2D79B00BF517C /* newloading.json */ = {isa = PBXFileReference; lastKnownFileType = text.json; path = newloading.json; sourceTree = "<group>"; };
		F2C6477B1FA2DA6000BF517C /* PKHUDLOTProgressBaseView.swift */ = {isa = PBXFileReference; lastKnownFileType = sourcecode.swift; path = PKHUDLOTProgressBaseView.swift; sourceTree = "<group>"; };
		F2C6477D1FA2DB9500BF517C /* PKHUDLOTProgressView.swift */ = {isa = PBXFileReference; lastKnownFileType = sourcecode.swift; path = PKHUDLOTProgressView.swift; sourceTree = "<group>"; };
		F2C6477F1FA2DE3000BF517C /* loadingForHourglass.json */ = {isa = PBXFileReference; lastKnownFileType = text.json; path = loadingForHourglass.json; sourceTree = "<group>"; };
		F908BEBF1BB849290015E5A8 /* PKHUDSuccessView.swift */ = {isa = PBXFileReference; fileEncoding = 4; lastKnownFileType = sourcecode.swift; path = PKHUDSuccessView.swift; sourceTree = "<group>"; };
		F908BEC21BB84D0B0015E5A8 /* PKHUDAnimating.swift */ = {isa = PBXFileReference; fileEncoding = 4; lastKnownFileType = sourcecode.swift; path = PKHUDAnimating.swift; sourceTree = "<group>"; };
		F908BEC41BB852C60015E5A8 /* PKHUDErrorView.swift */ = {isa = PBXFileReference; fileEncoding = 4; lastKnownFileType = sourcecode.swift; path = PKHUDErrorView.swift; sourceTree = "<group>"; };
		F908BEC71BB85EA70015E5A8 /* PKHUDProgressView.swift */ = {isa = PBXFileReference; fileEncoding = 4; lastKnownFileType = sourcecode.swift; path = PKHUDProgressView.swift; sourceTree = "<group>"; };
		F935B1571B2B8088003C3734 /* Storyboard.storyboard */ = {isa = PBXFileReference; fileEncoding = 4; lastKnownFileType = file.storyboard; path = Storyboard.storyboard; sourceTree = "<group>"; };
		F935B1591B2B865A003C3734 /* Launch Screen.storyboard */ = {isa = PBXFileReference; fileEncoding = 4; lastKnownFileType = file.storyboard; path = "Launch Screen.storyboard"; sourceTree = "<group>"; };
		F935B15C1B2B8C20003C3734 /* PKHUDSquareBaseView.swift */ = {isa = PBXFileReference; fileEncoding = 4; lastKnownFileType = sourcecode.swift; path = PKHUDSquareBaseView.swift; sourceTree = "<group>"; };
		F935B15E1B2B8C7E003C3734 /* PKHUDWideBaseView.swift */ = {isa = PBXFileReference; fileEncoding = 4; lastKnownFileType = sourcecode.swift; path = PKHUDWideBaseView.swift; sourceTree = "<group>"; };
		F935B1601B2B8C8E003C3734 /* PKHUDTextView.swift */ = {isa = PBXFileReference; fileEncoding = 4; lastKnownFileType = sourcecode.swift; path = PKHUDTextView.swift; sourceTree = "<group>"; };
		F935B1661B2B8D8C003C3734 /* PKHUDSystemActivityIndicatorView.swift */ = {isa = PBXFileReference; fileEncoding = 4; lastKnownFileType = sourcecode.swift; path = PKHUDSystemActivityIndicatorView.swift; sourceTree = "<group>"; };
		F99631FC19514FAC001F73CA /* PKHUD Demo.app */ = {isa = PBXFileReference; explicitFileType = wrapper.application; includeInIndex = 0; path = "PKHUD Demo.app"; sourceTree = BUILT_PRODUCTS_DIR; };
		F996320019514FAC001F73CA /* Info.plist */ = {isa = PBXFileReference; lastKnownFileType = text.plist.xml; path = Info.plist; sourceTree = "<group>"; };
		F996320119514FAC001F73CA /* AppDelegate.swift */ = {isa = PBXFileReference; lastKnownFileType = sourcecode.swift; path = AppDelegate.swift; sourceTree = "<group>"; };
		F996320319514FAD001F73CA /* Images.xcassets */ = {isa = PBXFileReference; lastKnownFileType = folder.assetcatalog; path = Images.xcassets; sourceTree = "<group>"; };
		F996321E19514FD8001F73CA /* PKHUD.framework */ = {isa = PBXFileReference; explicitFileType = wrapper.framework; includeInIndex = 0; path = PKHUD.framework; sourceTree = BUILT_PRODUCTS_DIR; };
		F996322119514FD8001F73CA /* Info.plist */ = {isa = PBXFileReference; lastKnownFileType = text.plist.xml; path = Info.plist; sourceTree = "<group>"; };
		F996322219514FD8001F73CA /* PKHUD.h */ = {isa = PBXFileReference; lastKnownFileType = sourcecode.c.h; path = PKHUD.h; sourceTree = "<group>"; };
		F996324619514FEF001F73CA /* PKHUDAssets.swift */ = {isa = PBXFileReference; fileEncoding = 4; lastKnownFileType = sourcecode.swift; path = PKHUDAssets.swift; sourceTree = "<group>"; };
		F996324819514FEF001F73CA /* PKHUD.swift */ = {isa = PBXFileReference; fileEncoding = 4; lastKnownFileType = sourcecode.swift; path = PKHUD.swift; sourceTree = "<group>"; };
		F996324919514FEF001F73CA /* FrameView.swift */ = {isa = PBXFileReference; fileEncoding = 4; lastKnownFileType = sourcecode.swift; path = FrameView.swift; sourceTree = "<group>"; };
		F996324B19514FEF001F73CA /* Window.swift */ = {isa = PBXFileReference; fileEncoding = 4; lastKnownFileType = sourcecode.swift; path = Window.swift; sourceTree = "<group>"; };
		F996324C19514FEF001F73CA /* WindowRootViewController.swift */ = {isa = PBXFileReference; fileEncoding = 4; lastKnownFileType = sourcecode.swift; path = WindowRootViewController.swift; sourceTree = "<group>"; };
		F996325419514FF3001F73CA /* Images.xcassets */ = {isa = PBXFileReference; lastKnownFileType = folder.assetcatalog; path = Images.xcassets; sourceTree = "<group>"; };
		F996325819515052001F73CA /* DemoViewController.swift */ = {isa = PBXFileReference; fileEncoding = 4; lastKnownFileType = sourcecode.swift; path = DemoViewController.swift; sourceTree = "<group>"; };
		FD427F470A670298E96D66DA /* Pods-PKHUDDemoUITests.debug.xcconfig */ = {isa = PBXFileReference; includeInIndex = 1; lastKnownFileType = text.xcconfig; name = "Pods-PKHUDDemoUITests.debug.xcconfig"; path = "Pods/Target Support Files/Pods-PKHUDDemoUITests/Pods-PKHUDDemoUITests.debug.xcconfig"; sourceTree = "<group>"; };
/* End PBXFileReference section */

/* Begin PBXFrameworksBuildPhase section */
		12CE19EE1E25784C0062D873 /* Frameworks */ = {
			isa = PBXFrameworksBuildPhase;
			buildActionMask = 2147483647;
			files = (
				12CE19FD1E2578680062D873 /* PKHUD.framework in Frameworks */,
				8307080F5750EB99C88EBD02 /* Pods_PKHUDDemoUITests.framework in Frameworks */,
			);
			runOnlyForDeploymentPostprocessing = 0;
		};
		F99631F919514FAC001F73CA /* Frameworks */ = {
			isa = PBXFrameworksBuildPhase;
			buildActionMask = 2147483647;
			files = (
				F996323319514FD8001F73CA /* PKHUD.framework in Frameworks */,
				46E7AAAC39271F0F4AB9599F /* Pods_PKHUD_Demo.framework in Frameworks */,
			);
			runOnlyForDeploymentPostprocessing = 0;
		};
		F996321A19514FD8001F73CA /* Frameworks */ = {
			isa = PBXFrameworksBuildPhase;
			buildActionMask = 2147483647;
			files = (
				686619D7E0453021BCE8B8A6 /* Pods_PKHUD.framework in Frameworks */,
			);
			runOnlyForDeploymentPostprocessing = 0;
		};
/* End PBXFrameworksBuildPhase section */

/* Begin PBXGroup section */
		12CE19F21E25784D0062D873 /* PKHUDDemoUITests */ = {
			isa = PBXGroup;
			children = (
				12CE19F31E25784D0062D873 /* PKHUDDemoUITests.swift */,
				12CE19F51E25784D0062D873 /* Info.plist */,
			);
			path = PKHUDDemoUITests;
			sourceTree = "<group>";
		};
		3DB94CEAB47E4FC281D520CA /* Frameworks */ = {
			isa = PBXGroup;
			children = (
				BE678B64EF98ED40AA175F6D /* Pods_PKHUD.framework */,
				677D7F44F68DF6B6BA497B55 /* Pods_PKHUD_Demo.framework */,
				D69C29B43F4B4A9269840F83 /* Pods_PKHUDDemoUITests.framework */,
			);
			name = Frameworks;
			sourceTree = "<group>";
		};
		4DBB593B838A7BC9711F6829 /* Pods */ = {
			isa = PBXGroup;
			children = (
				8C7C9E1EA3E46A1EC1EBE01E /* Pods-PKHUD.debug.xcconfig */,
				F03F8594C06BE601BC56EF08 /* Pods-PKHUD.release.xcconfig */,
				60F91108D896355EF2A92461 /* Pods-PKHUD Demo.debug.xcconfig */,
				AAC761EC40EB5E05FE5A864A /* Pods-PKHUD Demo.release.xcconfig */,
				FD427F470A670298E96D66DA /* Pods-PKHUDDemoUITests.debug.xcconfig */,
				2543119773C6EDA953F7B259 /* Pods-PKHUDDemoUITests.release.xcconfig */,
			);
			name = Pods;
			sourceTree = "<group>";
		};
		F908BEC11BB84D010015E5A8 /* Protocol */ = {
			isa = PBXGroup;
			children = (
				F908BEC21BB84D0B0015E5A8 /* PKHUDAnimating.swift */,
			);
			name = Protocol;
			sourceTree = "<group>";
		};
		F935B15B1B2B8C03003C3734 /* Content Views */ = {
			isa = PBXGroup;
			children = (
				F908BEC11BB84D010015E5A8 /* Protocol */,
				F935B15C1B2B8C20003C3734 /* PKHUDSquareBaseView.swift */,
				F2C6477B1FA2DA6000BF517C /* PKHUDLOTProgressBaseView.swift */,
				F2421B2E1FBE96400082C1FF /* PKHUDPgsTypeForPlanetsBaseView.swift */,
				F27FE87B1F6BBF34007382A3 /* PKHUDProgressCancleBaseView.swift */,
				F2421B2B1FBE8BF60082C1FF /* PKHUDPgsCancleTypeForPlanetsBaseView.swift */,
				F935B15E1B2B8C7E003C3734 /* PKHUDWideBaseView.swift */,
				F935B1601B2B8C8E003C3734 /* PKHUDTextView.swift */,
				F935B1661B2B8D8C003C3734 /* PKHUDSystemActivityIndicatorView.swift */,
				F908BEBF1BB849290015E5A8 /* PKHUDSuccessView.swift */,
				F908BEC41BB852C60015E5A8 /* PKHUDErrorView.swift */,
				F908BEC71BB85EA70015E5A8 /* PKHUDProgressView.swift */,
				F27FE87D1F6BBFD4007382A3 /* PKHUDProgressCancleView.swift */,
				F2C6477D1FA2DB9500BF517C /* PKHUDLOTProgressView.swift */,
				12010C891C3D0E8D005DC6FC /* PKHUDAnimation.swift */,
				3097AF391C4843AE007DD42B /* PKHUDRotatingImageView.swift */,
			);
			name = "Content Views";
			sourceTree = "<group>";
		};
		F99631F319514FAC001F73CA = {
			isa = PBXGroup;
			children = (
				F99631FE19514FAC001F73CA /* PKHUD Demo */,
				F996321F19514FD8001F73CA /* PKHUD */,
				12CE19F21E25784D0062D873 /* PKHUDDemoUITests */,
				F99631FD19514FAC001F73CA /* Products */,
				4DBB593B838A7BC9711F6829 /* Pods */,
				3DB94CEAB47E4FC281D520CA /* Frameworks */,
			);
			sourceTree = "<group>";
		};
		F99631FD19514FAC001F73CA /* Products */ = {
			isa = PBXGroup;
			children = (
				F99631FC19514FAC001F73CA /* PKHUD Demo.app */,
				F996321E19514FD8001F73CA /* PKHUD.framework */,
				12CE19F11E25784C0062D873 /* PKHUDDemoUITests.xctest */,
			);
			name = Products;
			sourceTree = "<group>";
		};
		F99631FE19514FAC001F73CA /* PKHUD Demo */ = {
			isa = PBXGroup;
			children = (
				F2C647751FA2D79B00BF517C /* newloading.json */,
				F996320119514FAC001F73CA /* AppDelegate.swift */,
				F996325819515052001F73CA /* DemoViewController.swift */,
				F935B1571B2B8088003C3734 /* Storyboard.storyboard */,
				F935B1591B2B865A003C3734 /* Launch Screen.storyboard */,
				F996320319514FAD001F73CA /* Images.xcassets */,
				F99631FF19514FAC001F73CA /* Supporting Files */,
			);
			name = "PKHUD Demo";
			path = Demo;
			sourceTree = "<group>";
		};
		F99631FF19514FAC001F73CA /* Supporting Files */ = {
			isa = PBXGroup;
			children = (
				F996320019514FAC001F73CA /* Info.plist */,
			);
			name = "Supporting Files";
			sourceTree = "<group>";
		};
		F996321F19514FD8001F73CA /* PKHUD */ = {
			isa = PBXGroup;
			children = (
				640011551C5B6C080013F32B /* HUD.swift */,
				F996322219514FD8001F73CA /* PKHUD.h */,
				F996324819514FEF001F73CA /* PKHUD.swift */,
				F996324619514FEF001F73CA /* PKHUDAssets.swift */,
				F2421B241FBE81B70082C1FF /* loadingForPlanetsOrbit.json */,
				F2C6477F1FA2DE3000BF517C /* loadingForHourglass.json */,
				F935B15B1B2B8C03003C3734 /* Content Views */,
				F9DB0B91197DB78B00385ACE /* Internal */,
				F996325419514FF3001F73CA /* Images.xcassets */,
				F996322019514FD8001F73CA /* Supporting Files */,
			);
			path = PKHUD;
			sourceTree = "<group>";
		};
		F996322019514FD8001F73CA /* Supporting Files */ = {
			isa = PBXGroup;
			children = (
				F996322119514FD8001F73CA /* Info.plist */,
			);
			name = "Supporting Files";
			sourceTree = "<group>";
		};
		F9DB0B91197DB78B00385ACE /* Internal */ = {
			isa = PBXGroup;
			children = (
				F996324919514FEF001F73CA /* FrameView.swift */,
				F996324B19514FEF001F73CA /* Window.swift */,
				F996324C19514FEF001F73CA /* WindowRootViewController.swift */,
			);
			name = Internal;
			sourceTree = "<group>";
		};
/* End PBXGroup section */

/* Begin PBXHeadersBuildPhase section */
		F996321B19514FD8001F73CA /* Headers */ = {
			isa = PBXHeadersBuildPhase;
			buildActionMask = 2147483647;
			files = (
				F996322319514FD8001F73CA /* PKHUD.h in Headers */,
			);
			runOnlyForDeploymentPostprocessing = 0;
		};
/* End PBXHeadersBuildPhase section */

/* Begin PBXNativeTarget section */
		12CE19F01E25784C0062D873 /* PKHUDDemoUITests */ = {
			isa = PBXNativeTarget;
			buildConfigurationList = 12CE19FA1E25784D0062D873 /* Build configuration list for PBXNativeTarget "PKHUDDemoUITests" */;
			buildPhases = (
				667BEC5D2C3B2CC600D251AD /* [CP] Check Pods Manifest.lock */,
				12CE19ED1E25784C0062D873 /* Sources */,
				12CE19EE1E25784C0062D873 /* Frameworks */,
				12CE19EF1E25784C0062D873 /* Resources */,
				42239B4B44F3B3CB507C9E06 /* [CP] Embed Pods Frameworks */,
				70D844FFF795C4B1ED913C29 /* [CP] Copy Pods Resources */,
			);
			buildRules = (
			);
			dependencies = (
				12CE19FC1E2578640062D873 /* PBXTargetDependency */,
				12CE19F71E25784D0062D873 /* PBXTargetDependency */,
			);
			name = PKHUDDemoUITests;
			productName = PKHUDDemoUITests;
			productReference = 12CE19F11E25784C0062D873 /* PKHUDDemoUITests.xctest */;
			productType = "com.apple.product-type.bundle.ui-testing";
		};
		F99631FB19514FAC001F73CA /* PKHUD Demo */ = {
			isa = PBXNativeTarget;
			buildConfigurationList = F996321319514FAD001F73CA /* Build configuration list for PBXNativeTarget "PKHUD Demo" */;
			buildPhases = (
				F75B6D62E8D097143CCC8D74 /* [CP] Check Pods Manifest.lock */,
				F99631F819514FAC001F73CA /* Sources */,
				F99631F919514FAC001F73CA /* Frameworks */,
				F99631FA19514FAC001F73CA /* Resources */,
				F996323A19514FD8001F73CA /* Embed Frameworks */,
				120437181E09E1A400D7C7A5 /* SwiftLint */,
				BF93BB27AB66DAC636D9A15F /* [CP] Embed Pods Frameworks */,
				0EEFA238ACE1EDC5EFD3A0ED /* [CP] Copy Pods Resources */,
			);
			buildRules = (
			);
			dependencies = (
				F996323219514FD8001F73CA /* PBXTargetDependency */,
				F996323619514FD8001F73CA /* PBXTargetDependency */,
			);
			name = "PKHUD Demo";
			productName = "PKHUD Demo";
			productReference = F99631FC19514FAC001F73CA /* PKHUD Demo.app */;
			productType = "com.apple.product-type.application";
		};
		F996321D19514FD8001F73CA /* PKHUD */ = {
			isa = PBXNativeTarget;
			buildConfigurationList = F996323719514FD8001F73CA /* Build configuration list for PBXNativeTarget "PKHUD" */;
			buildPhases = (
				845C040AEA129E2DF84102D5 /* [CP] Check Pods Manifest.lock */,
				F996321919514FD8001F73CA /* Sources */,
				F996321A19514FD8001F73CA /* Frameworks */,
				F996321B19514FD8001F73CA /* Headers */,
				F996321C19514FD8001F73CA /* Resources */,
				2367791DC1D81AEB27522C40 /* [CP] Copy Pods Resources */,
			);
			buildRules = (
			);
			dependencies = (
			);
			name = PKHUD;
			productName = PKHUD;
			productReference = F996321E19514FD8001F73CA /* PKHUD.framework */;
			productType = "com.apple.product-type.framework";
		};
/* End PBXNativeTarget section */

/* Begin PBXProject section */
		F99631F419514FAC001F73CA /* Project object */ = {
			isa = PBXProject;
			attributes = {
				LastSwiftUpdateCheck = 0820;
				LastUpgradeCheck = 0800;
				ORGANIZATIONNAME = NSExceptional;
				TargetAttributes = {
					12CE19F01E25784C0062D873 = {
						CreatedOnToolsVersion = 8.2.1;
						ProvisioningStyle = Automatic;
						TestTargetID = F99631FB19514FAC001F73CA;
					};
					F99631FB19514FAC001F73CA = {
						CreatedOnToolsVersion = 6.0;
						DevelopmentTeam = 8R5WWLC62F;
						LastSwiftMigration = 0800;
						ProvisioningStyle = Automatic;
					};
					F996321D19514FD8001F73CA = {
						CreatedOnToolsVersion = 6.0;
						LastSwiftMigration = 0900;
					};
				};
			};
			buildConfigurationList = F99631F719514FAC001F73CA /* Build configuration list for PBXProject "PKHUD" */;
			compatibilityVersion = "Xcode 3.2";
			developmentRegion = English;
			hasScannedForEncodings = 0;
			knownRegions = (
				en,
			);
			mainGroup = F99631F319514FAC001F73CA;
			productRefGroup = F99631FD19514FAC001F73CA /* Products */;
			projectDirPath = "";
			projectRoot = "";
			targets = (
				F99631FB19514FAC001F73CA /* PKHUD Demo */,
				F996321D19514FD8001F73CA /* PKHUD */,
				12CE19F01E25784C0062D873 /* PKHUDDemoUITests */,
			);
		};
/* End PBXProject section */

/* Begin PBXResourcesBuildPhase section */
		12CE19EF1E25784C0062D873 /* Resources */ = {
			isa = PBXResourcesBuildPhase;
			buildActionMask = 2147483647;
			files = (
			);
			runOnlyForDeploymentPostprocessing = 0;
		};
		F99631FA19514FAC001F73CA /* Resources */ = {
			isa = PBXResourcesBuildPhase;
			buildActionMask = 2147483647;
			files = (
				F935B15A1B2B865A003C3734 /* Launch Screen.storyboard in Resources */,
				F2421B2A1FBE825A0082C1FF /* loadingForPlanetsOrbit.json in Resources */,
				F996320419514FAD001F73CA /* Images.xcassets in Resources */,
				F935B1581B2B8088003C3734 /* Storyboard.storyboard in Resources */,
				F2C647761FA2D7C000BF517C /* newloading.json in Resources */,
				F2421B281FBE82550082C1FF /* loadingForHourglass.json in Resources */,
			);
			runOnlyForDeploymentPostprocessing = 0;
		};
		F996321C19514FD8001F73CA /* Resources */ = {
			isa = PBXResourcesBuildPhase;
			buildActionMask = 2147483647;
			files = (
				F996325519514FF3001F73CA /* Images.xcassets in Resources */,
				F2421B261FBE81B70082C1FF /* loadingForPlanetsOrbit.json in Resources */,
				F2C647801FA2DE3400BF517C /* loadingForHourglass.json in Resources */,
			);
			runOnlyForDeploymentPostprocessing = 0;
		};
/* End PBXResourcesBuildPhase section */

/* Begin PBXShellScriptBuildPhase section */
		0EEFA238ACE1EDC5EFD3A0ED /* [CP] Copy Pods Resources */ = {
			isa = PBXShellScriptBuildPhase;
			buildActionMask = 2147483647;
			files = (
			);
			inputPaths = (
			);
			name = "[CP] Copy Pods Resources";
			outputPaths = (
			);
			runOnlyForDeploymentPostprocessing = 0;
			shellPath = /bin/sh;
			shellScript = "\"${SRCROOT}/Pods/Target Support Files/Pods-PKHUD Demo/Pods-PKHUD Demo-resources.sh\"\n";
			showEnvVarsInLog = 0;
		};
		120437181E09E1A400D7C7A5 /* SwiftLint */ = {
			isa = PBXShellScriptBuildPhase;
			buildActionMask = 2147483647;
			files = (
			);
			inputPaths = (
			);
			name = SwiftLint;
			outputPaths = (
			);
			runOnlyForDeploymentPostprocessing = 0;
			shellPath = /bin/sh;
			shellScript = "if which swiftlint >/dev/null; then\n    swiftlint\nelse\n    echo \"warning: SwiftLint not installed, download from https://github.com/realm/SwiftLint\"\nfi\n\n";
		};
		2367791DC1D81AEB27522C40 /* [CP] Copy Pods Resources */ = {
			isa = PBXShellScriptBuildPhase;
			buildActionMask = 2147483647;
			files = (
			);
			inputPaths = (
			);
			name = "[CP] Copy Pods Resources";
			outputPaths = (
			);
			runOnlyForDeploymentPostprocessing = 0;
			shellPath = /bin/sh;
			shellScript = "\"${SRCROOT}/Pods/Target Support Files/Pods-PKHUD/Pods-PKHUD-resources.sh\"\n";
			showEnvVarsInLog = 0;
		};
		42239B4B44F3B3CB507C9E06 /* [CP] Embed Pods Frameworks */ = {
			isa = PBXShellScriptBuildPhase;
			buildActionMask = 2147483647;
			files = (
			);
			inputPaths = (
				"${SRCROOT}/Pods/Target Support Files/Pods-PKHUDDemoUITests/Pods-PKHUDDemoUITests-frameworks.sh",
				"${BUILT_PRODUCTS_DIR}/lottie-ios/Lottie.framework",
			);
			name = "[CP] Embed Pods Frameworks";
			outputPaths = (
				"${TARGET_BUILD_DIR}/${FRAMEWORKS_FOLDER_PATH}/Lottie.framework",
			);
			runOnlyForDeploymentPostprocessing = 0;
			shellPath = /bin/sh;
			shellScript = "\"${SRCROOT}/Pods/Target Support Files/Pods-PKHUDDemoUITests/Pods-PKHUDDemoUITests-frameworks.sh\"\n";
			showEnvVarsInLog = 0;
		};
		667BEC5D2C3B2CC600D251AD /* [CP] Check Pods Manifest.lock */ = {
			isa = PBXShellScriptBuildPhase;
			buildActionMask = 2147483647;
			files = (
			);
			inputPaths = (
				"${PODS_PODFILE_DIR_PATH}/Podfile.lock",
				"${PODS_ROOT}/Manifest.lock",
			);
			name = "[CP] Check Pods Manifest.lock";
			outputPaths = (
				"$(DERIVED_FILE_DIR)/Pods-PKHUDDemoUITests-checkManifestLockResult.txt",
			);
			runOnlyForDeploymentPostprocessing = 0;
			shellPath = /bin/sh;
			shellScript = "diff \"${PODS_PODFILE_DIR_PATH}/Podfile.lock\" \"${PODS_ROOT}/Manifest.lock\" > /dev/null\nif [ $? != 0 ] ; then\n    # print error to STDERR\n    echo \"error: The sandbox is not in sync with the Podfile.lock. Run 'pod install' or update your CocoaPods installation.\" >&2\n    exit 1\nfi\n# This output is used by Xcode 'outputs' to avoid re-running this script phase.\necho \"SUCCESS\" > \"${SCRIPT_OUTPUT_FILE_0}\"\n";
			showEnvVarsInLog = 0;
		};
		70D844FFF795C4B1ED913C29 /* [CP] Copy Pods Resources */ = {
			isa = PBXShellScriptBuildPhase;
			buildActionMask = 2147483647;
			files = (
			);
			inputPaths = (
			);
			name = "[CP] Copy Pods Resources";
			outputPaths = (
			);
			runOnlyForDeploymentPostprocessing = 0;
			shellPath = /bin/sh;
			shellScript = "\"${SRCROOT}/Pods/Target Support Files/Pods-PKHUDDemoUITests/Pods-PKHUDDemoUITests-resources.sh\"\n";
			showEnvVarsInLog = 0;
		};
		845C040AEA129E2DF84102D5 /* [CP] Check Pods Manifest.lock */ = {
			isa = PBXShellScriptBuildPhase;
			buildActionMask = 2147483647;
			files = (
			);
			inputPaths = (
				"${PODS_PODFILE_DIR_PATH}/Podfile.lock",
				"${PODS_ROOT}/Manifest.lock",
			);
			name = "[CP] Check Pods Manifest.lock";
			outputPaths = (
				"$(DERIVED_FILE_DIR)/Pods-PKHUD-checkManifestLockResult.txt",
			);
			runOnlyForDeploymentPostprocessing = 0;
			shellPath = /bin/sh;
			shellScript = "diff \"${PODS_PODFILE_DIR_PATH}/Podfile.lock\" \"${PODS_ROOT}/Manifest.lock\" > /dev/null\nif [ $? != 0 ] ; then\n    # print error to STDERR\n    echo \"error: The sandbox is not in sync with the Podfile.lock. Run 'pod install' or update your CocoaPods installation.\" >&2\n    exit 1\nfi\n# This output is used by Xcode 'outputs' to avoid re-running this script phase.\necho \"SUCCESS\" > \"${SCRIPT_OUTPUT_FILE_0}\"\n";
			showEnvVarsInLog = 0;
		};
		BF93BB27AB66DAC636D9A15F /* [CP] Embed Pods Frameworks */ = {
			isa = PBXShellScriptBuildPhase;
			buildActionMask = 2147483647;
			files = (
			);
			inputPaths = (
				"${SRCROOT}/Pods/Target Support Files/Pods-PKHUD Demo/Pods-PKHUD Demo-frameworks.sh",
				"${BUILT_PRODUCTS_DIR}/lottie-ios/Lottie.framework",
			);
			name = "[CP] Embed Pods Frameworks";
			outputPaths = (
				"${TARGET_BUILD_DIR}/${FRAMEWORKS_FOLDER_PATH}/Lottie.framework",
			);
			runOnlyForDeploymentPostprocessing = 0;
			shellPath = /bin/sh;
			shellScript = "\"${SRCROOT}/Pods/Target Support Files/Pods-PKHUD Demo/Pods-PKHUD Demo-frameworks.sh\"\n";
			showEnvVarsInLog = 0;
		};
		F75B6D62E8D097143CCC8D74 /* [CP] Check Pods Manifest.lock */ = {
			isa = PBXShellScriptBuildPhase;
			buildActionMask = 2147483647;
			files = (
			);
			inputPaths = (
				"${PODS_PODFILE_DIR_PATH}/Podfile.lock",
				"${PODS_ROOT}/Manifest.lock",
			);
			name = "[CP] Check Pods Manifest.lock";
			outputPaths = (
				"$(DERIVED_FILE_DIR)/Pods-PKHUD Demo-checkManifestLockResult.txt",
			);
			runOnlyForDeploymentPostprocessing = 0;
			shellPath = /bin/sh;
			shellScript = "diff \"${PODS_PODFILE_DIR_PATH}/Podfile.lock\" \"${PODS_ROOT}/Manifest.lock\" > /dev/null\nif [ $? != 0 ] ; then\n    # print error to STDERR\n    echo \"error: The sandbox is not in sync with the Podfile.lock. Run 'pod install' or update your CocoaPods installation.\" >&2\n    exit 1\nfi\n# This output is used by Xcode 'outputs' to avoid re-running this script phase.\necho \"SUCCESS\" > \"${SCRIPT_OUTPUT_FILE_0}\"\n";
			showEnvVarsInLog = 0;
		};
/* End PBXShellScriptBuildPhase section */

/* Begin PBXSourcesBuildPhase section */
		12CE19ED1E25784C0062D873 /* Sources */ = {
			isa = PBXSourcesBuildPhase;
			buildActionMask = 2147483647;
			files = (
				12CE19F41E25784D0062D873 /* PKHUDDemoUITests.swift in Sources */,
			);
			runOnlyForDeploymentPostprocessing = 0;
		};
		F99631F819514FAC001F73CA /* Sources */ = {
			isa = PBXSourcesBuildPhase;
			buildActionMask = 2147483647;
			files = (
				F996325919515052001F73CA /* DemoViewController.swift in Sources */,
				F2421B2C1FBE8BF60082C1FF /* PKHUDPgsCancleTypeForPlanetsBaseView.swift in Sources */,
				F996320219514FAC001F73CA /* AppDelegate.swift in Sources */,
				F2421B2F1FBE96400082C1FF /* PKHUDPgsTypeForPlanetsBaseView.swift in Sources */,
			);
			runOnlyForDeploymentPostprocessing = 0;
		};
		F996321919514FD8001F73CA /* Sources */ = {
			isa = PBXSourcesBuildPhase;
			buildActionMask = 2147483647;
			files = (
				F996325019514FEF001F73CA /* FrameView.swift in Sources */,
				640011571C5B6C080013F32B /* HUD.swift in Sources */,
				3097AF3A1C4843AE007DD42B /* PKHUDRotatingImageView.swift in Sources */,
				F935B1611B2B8C8E003C3734 /* PKHUDTextView.swift in Sources */,
				F996325319514FEF001F73CA /* WindowRootViewController.swift in Sources */,
				F2421B301FBE96400082C1FF /* PKHUDPgsTypeForPlanetsBaseView.swift in Sources */,
				F908BEC31BB84D0B0015E5A8 /* PKHUDAnimating.swift in Sources */,
				F908BEC81BB85EA70015E5A8 /* PKHUDProgressView.swift in Sources */,
				F908BEC01BB849290015E5A8 /* PKHUDSuccessView.swift in Sources */,
				F2C6477E1FA2DB9500BF517C /* PKHUDLOTProgressView.swift in Sources */,
				F2C6477C1FA2DA6000BF517C /* PKHUDLOTProgressBaseView.swift in Sources */,
				F908BEC51BB852C60015E5A8 /* PKHUDErrorView.swift in Sources */,
				F27FE87C1F6BBF34007382A3 /* PKHUDProgressCancleBaseView.swift in Sources */,
				F935B15D1B2B8C20003C3734 /* PKHUDSquareBaseView.swift in Sources */,
				F996325219514FEF001F73CA /* Window.swift in Sources */,
				F935B15F1B2B8C7E003C3734 /* PKHUDWideBaseView.swift in Sources */,
				F996324D19514FEF001F73CA /* PKHUDAssets.swift in Sources */,
				F2421B2D1FBE8BF60082C1FF /* PKHUDPgsCancleTypeForPlanetsBaseView.swift in Sources */,
				F996324F19514FEF001F73CA /* PKHUD.swift in Sources */,
				F935B1671B2B8D8C003C3734 /* PKHUDSystemActivityIndicatorView.swift in Sources */,
				F27FE87E1F6BBFD4007382A3 /* PKHUDProgressCancleView.swift in Sources */,
				12010C8A1C3D0E8D005DC6FC /* PKHUDAnimation.swift in Sources */,
			);
			runOnlyForDeploymentPostprocessing = 0;
		};
/* End PBXSourcesBuildPhase section */

/* Begin PBXTargetDependency section */
		12CE19F71E25784D0062D873 /* PBXTargetDependency */ = {
			isa = PBXTargetDependency;
			target = F99631FB19514FAC001F73CA /* PKHUD Demo */;
			targetProxy = 12CE19F61E25784D0062D873 /* PBXContainerItemProxy */;
		};
		12CE19FC1E2578640062D873 /* PBXTargetDependency */ = {
			isa = PBXTargetDependency;
			target = F996321D19514FD8001F73CA /* PKHUD */;
			targetProxy = 12CE19FB1E2578640062D873 /* PBXContainerItemProxy */;
		};
		F996323219514FD8001F73CA /* PBXTargetDependency */ = {
			isa = PBXTargetDependency;
			target = F996321D19514FD8001F73CA /* PKHUD */;
			targetProxy = F996323119514FD8001F73CA /* PBXContainerItemProxy */;
		};
		F996323619514FD8001F73CA /* PBXTargetDependency */ = {
			isa = PBXTargetDependency;
			target = F996321D19514FD8001F73CA /* PKHUD */;
			targetProxy = F996323519514FD8001F73CA /* PBXContainerItemProxy */;
		};
/* End PBXTargetDependency section */

/* Begin XCBuildConfiguration section */
		12CE19F81E25784D0062D873 /* Debug */ = {
			isa = XCBuildConfiguration;
			baseConfigurationReference = FD427F470A670298E96D66DA /* Pods-PKHUDDemoUITests.debug.xcconfig */;
			buildSettings = {
				CLANG_ANALYZER_NONNULL = YES;
				CLANG_WARN_DOCUMENTATION_COMMENTS = YES;
				DEBUG_INFORMATION_FORMAT = dwarf;
				INFOPLIST_FILE = PKHUDDemoUITests/Info.plist;
				IPHONEOS_DEPLOYMENT_TARGET = 10.2;
				LD_RUNPATH_SEARCH_PATHS = "$(inherited) @executable_path/Frameworks @loader_path/Frameworks";
				MTL_ENABLE_DEBUG_INFO = YES;
				PRODUCT_BUNDLE_IDENTIFIER = NSExceptional.PKHUDDemoUITests;
				PRODUCT_NAME = "$(TARGET_NAME)";
				SWIFT_ACTIVE_COMPILATION_CONDITIONS = DEBUG;
				SWIFT_VERSION = 3.0;
				TEST_TARGET_NAME = "PKHUD Demo";
			};
			name = Debug;
		};
		12CE19F91E25784D0062D873 /* Release */ = {
			isa = XCBuildConfiguration;
			baseConfigurationReference = 2543119773C6EDA953F7B259 /* Pods-PKHUDDemoUITests.release.xcconfig */;
			buildSettings = {
				CLANG_ANALYZER_NONNULL = YES;
				CLANG_WARN_DOCUMENTATION_COMMENTS = YES;
				COPY_PHASE_STRIP = NO;
				DEBUG_INFORMATION_FORMAT = "dwarf-with-dsym";
				INFOPLIST_FILE = PKHUDDemoUITests/Info.plist;
				IPHONEOS_DEPLOYMENT_TARGET = 10.2;
				LD_RUNPATH_SEARCH_PATHS = "$(inherited) @executable_path/Frameworks @loader_path/Frameworks";
				MTL_ENABLE_DEBUG_INFO = NO;
				PRODUCT_BUNDLE_IDENTIFIER = NSExceptional.PKHUDDemoUITests;
				PRODUCT_NAME = "$(TARGET_NAME)";
				SWIFT_VERSION = 3.0;
				TEST_TARGET_NAME = "PKHUD Demo";
			};
			name = Release;
		};
		F996321119514FAD001F73CA /* Debug */ = {
			isa = XCBuildConfiguration;
			buildSettings = {
				ALWAYS_SEARCH_USER_PATHS = NO;
				CLANG_CXX_LANGUAGE_STANDARD = "gnu++0x";
				CLANG_CXX_LIBRARY = "libc++";
				CLANG_ENABLE_MODULES = YES;
				CLANG_ENABLE_OBJC_ARC = YES;
				CLANG_WARN_BOOL_CONVERSION = YES;
				CLANG_WARN_CONSTANT_CONVERSION = YES;
				CLANG_WARN_DIRECT_OBJC_ISA_USAGE = YES_ERROR;
				CLANG_WARN_EMPTY_BODY = YES;
				CLANG_WARN_ENUM_CONVERSION = YES;
				CLANG_WARN_INFINITE_RECURSION = YES;
				CLANG_WARN_INT_CONVERSION = YES;
				CLANG_WARN_OBJC_ROOT_CLASS = YES_ERROR;
				CLANG_WARN_SUSPICIOUS_MOVE = YES;
				CLANG_WARN_UNREACHABLE_CODE = YES;
				CLANG_WARN__DUPLICATE_METHOD_MATCH = YES;
				"CODE_SIGN_IDENTITY[sdk=iphoneos*]" = "iPhone Developer";
				COPY_PHASE_STRIP = NO;
				ENABLE_STRICT_OBJC_MSGSEND = YES;
				ENABLE_TESTABILITY = YES;
				GCC_C_LANGUAGE_STANDARD = gnu99;
				GCC_DYNAMIC_NO_PIC = NO;
				GCC_NO_COMMON_BLOCKS = YES;
				GCC_OPTIMIZATION_LEVEL = 0;
				GCC_PREPROCESSOR_DEFINITIONS = (
					"DEBUG=1",
					"$(inherited)",
				);
				GCC_SYMBOLS_PRIVATE_EXTERN = NO;
				GCC_WARN_64_TO_32_BIT_CONVERSION = YES;
				GCC_WARN_ABOUT_MISSING_NEWLINE = YES;
				GCC_WARN_ABOUT_RETURN_TYPE = YES_ERROR;
				GCC_WARN_UNDECLARED_SELECTOR = YES;
				GCC_WARN_UNINITIALIZED_AUTOS = YES_AGGRESSIVE;
				GCC_WARN_UNUSED_FUNCTION = YES;
				GCC_WARN_UNUSED_VARIABLE = YES;
				IPHONEOS_DEPLOYMENT_TARGET = 8.0;
				METAL_ENABLE_DEBUG_INFO = YES;
				ONLY_ACTIVE_ARCH = YES;
				SDKROOT = iphoneos;
				SWIFT_OPTIMIZATION_LEVEL = "-Onone";
				TARGETED_DEVICE_FAMILY = "1,2";
			};
			name = Debug;
		};
		F996321219514FAD001F73CA /* Release */ = {
			isa = XCBuildConfiguration;
			buildSettings = {
				ALWAYS_SEARCH_USER_PATHS = NO;
				CLANG_CXX_LANGUAGE_STANDARD = "gnu++0x";
				CLANG_CXX_LIBRARY = "libc++";
				CLANG_ENABLE_MODULES = YES;
				CLANG_ENABLE_OBJC_ARC = YES;
				CLANG_WARN_BOOL_CONVERSION = YES;
				CLANG_WARN_CONSTANT_CONVERSION = YES;
				CLANG_WARN_DIRECT_OBJC_ISA_USAGE = YES_ERROR;
				CLANG_WARN_EMPTY_BODY = YES;
				CLANG_WARN_ENUM_CONVERSION = YES;
				CLANG_WARN_INFINITE_RECURSION = YES;
				CLANG_WARN_INT_CONVERSION = YES;
				CLANG_WARN_OBJC_ROOT_CLASS = YES_ERROR;
				CLANG_WARN_SUSPICIOUS_MOVE = YES;
				CLANG_WARN_UNREACHABLE_CODE = YES;
				CLANG_WARN__DUPLICATE_METHOD_MATCH = YES;
				"CODE_SIGN_IDENTITY[sdk=iphoneos*]" = "iPhone Developer";
				COPY_PHASE_STRIP = YES;
				ENABLE_NS_ASSERTIONS = NO;
				ENABLE_STRICT_OBJC_MSGSEND = YES;
				GCC_C_LANGUAGE_STANDARD = gnu99;
				GCC_NO_COMMON_BLOCKS = YES;
				GCC_WARN_64_TO_32_BIT_CONVERSION = YES;
				GCC_WARN_ABOUT_MISSING_NEWLINE = YES;
				GCC_WARN_ABOUT_RETURN_TYPE = YES_ERROR;
				GCC_WARN_UNDECLARED_SELECTOR = YES;
				GCC_WARN_UNINITIALIZED_AUTOS = YES_AGGRESSIVE;
				GCC_WARN_UNUSED_FUNCTION = YES;
				GCC_WARN_UNUSED_VARIABLE = YES;
				IPHONEOS_DEPLOYMENT_TARGET = 8.0;
				METAL_ENABLE_DEBUG_INFO = NO;
				SDKROOT = iphoneos;
				SWIFT_OPTIMIZATION_LEVEL = "-Owholemodule";
				TARGETED_DEVICE_FAMILY = "1,2";
				VALIDATE_PRODUCT = YES;
			};
			name = Release;
		};
		F996321419514FAD001F73CA /* Debug */ = {
			isa = XCBuildConfiguration;
			baseConfigurationReference = 60F91108D896355EF2A92461 /* Pods-PKHUD Demo.debug.xcconfig */;
			buildSettings = {
				ASSETCATALOG_COMPILER_APPICON_NAME = AppIcon;
				"CODE_SIGN_IDENTITY[sdk=iphoneos*]" = "iPhone Developer";
				CODE_SIGN_STYLE = Automatic;
				DEVELOPMENT_TEAM = 8R5WWLC62F;
				INFOPLIST_FILE = Demo/Info.plist;
				IPHONEOS_DEPLOYMENT_TARGET = 9.0;
				LD_RUNPATH_SEARCH_PATHS = "$(inherited) @executable_path/Frameworks";
				PRODUCT_BUNDLE_IDENTIFIER = "com.NSExceptional.${PRODUCT_NAME:rfc1034identifier}";
				PRODUCT_NAME = "$(TARGET_NAME)";
				PROVISIONING_PROFILE_SPECIFIER = "";
				SWIFT_VERSION = 3.0;
			};
			name = Debug;
		};
		F996321519514FAD001F73CA /* Release */ = {
			isa = XCBuildConfiguration;
			baseConfigurationReference = AAC761EC40EB5E05FE5A864A /* Pods-PKHUD Demo.release.xcconfig */;
			buildSettings = {
				ASSETCATALOG_COMPILER_APPICON_NAME = AppIcon;
				"CODE_SIGN_IDENTITY[sdk=iphoneos*]" = "iPhone Developer";
				CODE_SIGN_STYLE = Automatic;
				DEVELOPMENT_TEAM = 8R5WWLC62F;
				INFOPLIST_FILE = Demo/Info.plist;
				IPHONEOS_DEPLOYMENT_TARGET = 9.0;
				LD_RUNPATH_SEARCH_PATHS = "$(inherited) @executable_path/Frameworks";
				PRODUCT_BUNDLE_IDENTIFIER = "com.NSExceptional.${PRODUCT_NAME:rfc1034identifier}";
				PRODUCT_NAME = "$(TARGET_NAME)";
				PROVISIONING_PROFILE_SPECIFIER = "";
				SWIFT_VERSION = 3.0;
			};
			name = Release;
		};
		F996323819514FD8001F73CA /* Debug */ = {
			isa = XCBuildConfiguration;
			baseConfigurationReference = 8C7C9E1EA3E46A1EC1EBE01E /* Pods-PKHUD.debug.xcconfig */;
			buildSettings = {
				CLANG_ENABLE_MODULES = YES;
				"CODE_SIGN_IDENTITY[sdk=iphoneos*]" = "";
				CURRENT_PROJECT_VERSION = 1;
				DEFINES_MODULE = YES;
				DYLIB_COMPATIBILITY_VERSION = 1;
				DYLIB_CURRENT_VERSION = 1;
				DYLIB_INSTALL_NAME_BASE = "@rpath";
				GCC_PREPROCESSOR_DEFINITIONS = (
					"DEBUG=1",
					"$(inherited)",
				);
				INFOPLIST_FILE = PKHUD/Info.plist;
				INSTALL_PATH = "$(LOCAL_LIBRARY_DIR)/Frameworks";
				IPHONEOS_DEPLOYMENT_TARGET = 8.0;
				LD_RUNPATH_SEARCH_PATHS = "$(inherited) @executable_path/Frameworks @loader_path/Frameworks";
				METAL_ENABLE_DEBUG_INFO = YES;
				PRODUCT_BUNDLE_IDENTIFIER = "com.NSExceptional.${PRODUCT_NAME:rfc1034identifier}";
				PRODUCT_NAME = "$(TARGET_NAME)";
				SKIP_INSTALL = YES;
				SWIFT_OPTIMIZATION_LEVEL = "-Onone";
				SWIFT_VERSION = 3.0;
				VERSIONING_SYSTEM = "apple-generic";
				VERSION_INFO_PREFIX = "";
			};
			name = Debug;
		};
		F996323919514FD8001F73CA /* Release */ = {
			isa = XCBuildConfiguration;
			baseConfigurationReference = F03F8594C06BE601BC56EF08 /* Pods-PKHUD.release.xcconfig */;
			buildSettings = {
				CLANG_ENABLE_MODULES = YES;
				"CODE_SIGN_IDENTITY[sdk=iphoneos*]" = "";
				CURRENT_PROJECT_VERSION = 1;
				DEFINES_MODULE = YES;
				DYLIB_COMPATIBILITY_VERSION = 1;
				DYLIB_CURRENT_VERSION = 1;
				DYLIB_INSTALL_NAME_BASE = "@rpath";
				INFOPLIST_FILE = PKHUD/Info.plist;
				INSTALL_PATH = "$(LOCAL_LIBRARY_DIR)/Frameworks";
				IPHONEOS_DEPLOYMENT_TARGET = 8.0;
				LD_RUNPATH_SEARCH_PATHS = "$(inherited) @executable_path/Frameworks @loader_path/Frameworks";
				METAL_ENABLE_DEBUG_INFO = NO;
				PRODUCT_BUNDLE_IDENTIFIER = "com.NSExceptional.${PRODUCT_NAME:rfc1034identifier}";
				PRODUCT_NAME = "$(TARGET_NAME)";
				SKIP_INSTALL = YES;
				SWIFT_VERSION = 3.0;
				VERSIONING_SYSTEM = "apple-generic";
				VERSION_INFO_PREFIX = "";
			};
			name = Release;
		};
/* End XCBuildConfiguration section */

/* Begin XCConfigurationList section */
		12CE19FA1E25784D0062D873 /* Build configuration list for PBXNativeTarget "PKHUDDemoUITests" */ = {
			isa = XCConfigurationList;
			buildConfigurations = (
				12CE19F81E25784D0062D873 /* Debug */,
				12CE19F91E25784D0062D873 /* Release */,
			);
			defaultConfigurationIsVisible = 0;
			defaultConfigurationName = Release;
		};
		F99631F719514FAC001F73CA /* Build configuration list for PBXProject "PKHUD" */ = {
			isa = XCConfigurationList;
			buildConfigurations = (
				F996321119514FAD001F73CA /* Debug */,
				F996321219514FAD001F73CA /* Release */,
			);
			defaultConfigurationIsVisible = 0;
			defaultConfigurationName = Release;
		};
		F996321319514FAD001F73CA /* Build configuration list for PBXNativeTarget "PKHUD Demo" */ = {
			isa = XCConfigurationList;
			buildConfigurations = (
				F996321419514FAD001F73CA /* Debug */,
				F996321519514FAD001F73CA /* Release */,
			);
			defaultConfigurationIsVisible = 0;
			defaultConfigurationName = Release;
		};
		F996323719514FD8001F73CA /* Build configuration list for PBXNativeTarget "PKHUD" */ = {
			isa = XCConfigurationList;
			buildConfigurations = (
				F996323819514FD8001F73CA /* Debug */,
				F996323919514FD8001F73CA /* Release */,
			);
			defaultConfigurationIsVisible = 0;
			defaultConfigurationName = Release;
		};
/* End XCConfigurationList section */
	};
	rootObject = F99631F419514FAC001F73CA /* Project object */;
}
